
Microsoft Visual Studio Solution File, Format Version 12.00
# Visual Studio Version 16
VisualStudioVersion = 16.0.31019.35
MinimumVisualStudioVersion = 10.0.40219.1
Project("{FAE04EC0-301F-11D3-BF4B-00C04F79EFBC}") = "Spiral Matrix", "Spiral Matrix\Spiral Matrix.csproj", "{EFF25836-A5F9-4D9D-9CD6-1AE71F39B406}"
EndProject
Global
	GlobalSection(SolutionConfigurationPlatforms) = preSolution
		Debug|Any CPU = Debug|Any CPU
		Release|Any CPU = Release|Any CPU
	EndGlobalSection
	GlobalSection(ProjectConfigurationPlatforms) = postSolution
		{EFF25836-A5F9-4D9D-9CD6-1AE71F39B406}.Debug|Any CPU.ActiveCfg = Debug|Any CPU
		{EFF25836-A5F9-4D9D-9CD6-1AE71F39B406}.Debug|Any CPU.Build.0 = Debug|Any CPU
		{EFF25836-A5F9-4D9D-9CD6-1AE71F39B406}.Release|Any CPU.ActiveCfg = Release|Any CPU
		{EFF25836-A5F9-4D9D-9CD6-1AE71F39B406}.Release|Any CPU.Build.0 = Release|Any CPU
	EndGlobalSection
	GlobalSection(SolutionProperties) = preSolution
		HideSolutionNode = FALSE
	EndGlobalSection
	GlobalSection(ExtensibilityGlobals) = postSolution
		SolutionGuid = {9F2FB0E4-2151-47D2-9A72-E358EEA50664}
	EndGlobalSection
EndGlobal
